
Microsoft Visual Studio Solution File, Format Version 12.00
# Visual Studio Version 16
VisualStudioVersion = 16.0.30907.101
MinimumVisualStudioVersion = 10.0.40219.1
Project("{FAE04EC0-301F-11D3-BF4B-00C04F79EFBC}") = "WEMARS Mission Control", "WEMARS Mission Control.csproj", "{8EA32C26-480D-4451-9FDC-7CD6386574AE}"
EndProject
Global
	GlobalSection(SolutionConfigurationPlatforms) = preSolution
		Debug|Any CPU = Debug|Any CPU
		Release|Any CPU = Release|Any CPU
	EndGlobalSection
	GlobalSection(ProjectConfigurationPlatforms) = postSolution
		{8EA32C26-480D-4451-9FDC-7CD6386574AE}.Debug|Any CPU.ActiveCfg = Debug|Any CPU
		{8EA32C26-480D-4451-9FDC-7CD6386574AE}.Debug|Any CPU.Build.0 = Debug|Any CPU
		{8EA32C26-480D-4451-9FDC-7CD6386574AE}.Release|Any CPU.ActiveCfg = Release|Any CPU
		{8EA32C26-480D-4451-9FDC-7CD6386574AE}.Release|Any CPU.Build.0 = Release|Any CPU
	EndGlobalSection
	GlobalSection(SolutionProperties) = preSolution
		HideSolutionNode = FALSE
	EndGlobalSection
	GlobalSection(ExtensibilityGlobals) = postSolution
		SolutionGuid = {4F85C31E-D7DF-4F94-A890-E227400017A1}
	EndGlobalSection
EndGlobal
